{
  "name": "reservas-api",
  "version": "1.0.0",
  "lockfileVersion": 3,
  "requires": true,
  "packages": {
    "": {
      "name": "reservas-api",
      "version": "1.0.0",
      "license": "ISC",
      "dependencies": {
        "@supabase/supabase-js": "^2.110.0",
        "redsys-easy": "^5.3.2"
      }
    },
    "node_modules/@nodable/entities": {
      "version": "2.2.0",
      "resolved": "https://registry.npmjs.org/@nodable/entities/-/entities-2.2.0.tgz",
      "integrity": "sha512-9uGyhaQavEUMC8AIddIjau4NsnsXhou+j5sBAGojCM1oxmQpVKTWR/9JxABD6UAv12vpIms55fPZKFQEhG6uBg==",
      "funding": [
        {
          "type": "github",
          "url": "https://github.com/sponsors/nodable"
        }
      ],
      "license": "MIT"
    },
    "node_modules/@supabase/auth-js": {
      "version": "2.110.0",
      "resolved": "https://registry.npmjs.org/@supabase/auth-js/-/auth-js-2.110.0.tgz",
      "integrity": "sha512-Mi288WCTp6wxMFCOu/UgzgHEXODjdl2uVTLqK11eanzGZaldU3RyP8Am+ZbNuVzFP+5+iOvppxzv7N5Ym84xTg==",
      "license": "MIT",
      "dependencies": {
        "tslib": "2.8.1"
      },
      "engines": {
        "node": ">=22.0.0"
      }
    },
    "node_modules/@supabase/functions-js": {
      "version": "2.110.0",
      "resolved": "https://registry.npmjs.org/@supabase/functions-js/-/functions-js-2.110.0.tgz",
      "integrity": "sha512-Fde5wlY8ZZy+9yqrWlQHo8MacSyUBArBEtN2boB4thJQigPnQD/cc61qZN0n3I1L0gwhWtHYwIMnOBKxSvF6Hw==",
      "license": "MIT",
      "dependencies": {
        "tslib": "2.8.1"
      },
      "engines": {
        "node": ">=22.0.0"
      }
    },
    "node_modules/@supabase/phoenix": {
      "version": "0.4.4",
      "resolved": "https://registry.npmjs.org/@supabase/phoenix/-/phoenix-0.4.4.tgz",
      "integrity": "sha512-Gt0pqoXuIqX/8dvG0OKp/wMCobXNH3klNbUPBNyOfN0YA1IswrM3HyWFMOPk1Jy+BRaIyDPcFx4jLBwHNmlyfQ==",
      "license": "MIT"
    },
    "node_modules/@supabase/postgrest-js": {
      "version": "2.110.0",
      "resolved": "https://registry.npmjs.org/@supabase/postgrest-js/-/postgrest-js-2.110.0.tgz",
      "integrity": "sha512-ZbC1QZL3jcvBUfVKjJbgRM27G4Mg3Zzqdm44m5pJafe1e52Cli793EOnwQucomBAGEUDd03Nzaf7XV3ji/XexQ==",
      "license": "MIT",
      "dependencies": {
        "tslib": "2.8.1"
      },
      "engines": {
        "node": ">=22.0.0"
      }
    },
    "node_modules/@supabase/realtime-js": {
      "version": "2.110.0",
      "resolved": "https://registry.npmjs.org/@supabase/realtime-js/-/realtime-js-2.110.0.tgz",
      "integrity": "sha512-Wn2AWpneZuDFTkp/65tqctvoh+3JvyTjMam8sTMqVWy5BgkU8zAvFwilPYPPPhkINeKF8NAJKP7FclJ2iGCUMw==",
      "license": "MIT",
      "dependencies": {
        "@supabase/phoenix": "0.4.4",
        "tslib": "2.8.1"
      },
      "engines": {
        "node": ">=22.0.0"
      }
    },
    "node_modules/@supabase/storage-js": {
      "version": "2.110.0",
      "resolved": "https://registry.npmjs.org/@supabase/storage-js/-/storage-js-2.110.0.tgz",
      "integrity": "sha512-71+gU3HrhiylAhftY6FmO5PPdcsScnVcS766CVD+vTYK9qTDLbrx8FhgBYbqGm3iV/wkTfzrNJfjGsMeFRkJRQ==",
      "license": "MIT",
      "dependencies": {
        "iceberg-js": "^0.8.1",
        "tslib": "2.8.1"
      },
      "engines": {
        "node": ">=22.0.0"
      }
    },
    "node_modules/@supabase/supabase-js": {
      "version": "2.110.0",
      "resolved": "https://registry.npmjs.org/@supabase/supabase-js/-/supabase-js-2.110.0.tgz",
      "integrity": "sha512-8yI84VJiEVW4zxZpLUmxXmjzQ7O2St9X/ymzlBETDHTURPWG3LmvbSiibq+7dqAJmyoUfxZnSfXeM4HCM8s4XQ==",
      "license": "MIT",
      "dependencies": {
        "@supabase/auth-js": "2.110.0",
        "@supabase/functions-js": "2.110.0",
        "@supabase/postgrest-js": "2.110.0",
        "@supabase/realtime-js": "2.110.0",
        "@supabase/storage-js": "2.110.0"
      },
      "engines": {
        "node": ">=22.0.0"
      }
    },
    "node_modules/anynum": {
      "version": "1.0.1",
      "resolved": "https://registry.npmjs.org/anynum/-/anynum-1.0.1.tgz",
      "integrity": "sha512-N6//FLET/tXYNM/F6ABca1oH6fWB+KlTt909Le28WMDBk8oaT4vY17DCrwg2MvmuqUKt3Ni4N5dGJ/EoBgcO6A==",
      "funding": [
        {
          "type": "github",
          "url": "https://github.com/sponsors/NaturalIntelligence"
        }
      ],
      "license": "MIT"
    },
    "node_modules/base64url": {
      "version": "3.0.1",
      "resolved": "https://registry.npmjs.org/base64url/-/base64url-3.0.1.tgz",
      "integrity": "sha512-ir1UPr3dkwexU7FdV8qBBbNDRUhMmIekYMFZfi+C/sLNnRESKPl23nB9b2pltqfOQNnGzsDdId90AEtG5tCx4A==",
      "license": "MIT",
      "engines": {
        "node": ">=6.0.0"
      }
    },
    "node_modules/dayjs": {
      "version": "1.11.21",
      "resolved": "https://registry.npmjs.org/dayjs/-/dayjs-1.11.21.tgz",
      "integrity": "sha512-98IT+HOahAisibz/yjKbzuOBwYcjJ7BCLPzARyHiyEBmRz4fatF+KPJszEHXsGYjUG234aH/cOjW1wwTbKUZlA==",
      "license": "MIT"
    },
    "node_modules/decimal.js": {
      "version": "10.6.0",
      "resolved": "https://registry.npmjs.org/decimal.js/-/decimal.js-10.6.0.tgz",
      "integrity": "sha512-YpgQiITW3JXGntzdUmyUR1V812Hn8T1YVXhCu+wO3OpS4eU9l4YdD3qjyiKdV6mvV29zapkMeD390UVEf2lkUg==",
      "license": "MIT"
    },
    "node_modules/fast-xml-builder": {
      "version": "1.2.0",
      "resolved": "https://registry.npmjs.org/fast-xml-builder/-/fast-xml-builder-1.2.0.tgz",
      "integrity": "sha512-00aAWieqff+ZJhsXA4g1g7M8k+7AYoMUUHF+/zFb5U6Uv/P0Vl4QZo84/IcufzYalLuEj9928bXN9PbbFzMF0Q==",
      "funding": [
        {
          "type": "github",
          "url": "https://github.com/sponsors/NaturalIntelligence"
        }
      ],
      "license": "MIT",
      "dependencies": {
        "path-expression-matcher": "^1.5.0",
        "xml-naming": "^0.1.0"
      }
    },
    "node_modules/fast-xml-parser": {
      "version": "5.9.3",
      "resolved": "https://registry.npmjs.org/fast-xml-parser/-/fast-xml-parser-5.9.3.tgz",
      "integrity": "sha512-brCNCeScma/kqa54J4PIDriSSSLssRkuYaUCpvHJulGc3HGI/xxKUCTDcYkAdqJsyb//ydpbxecjC3hB9+tb/g==",
      "funding": [
        {
          "type": "github",
          "url": "https://github.com/sponsors/NaturalIntelligence"
        }
      ],
      "license": "MIT",
      "dependencies": {
        "@nodable/entities": "^2.2.0",
        "fast-xml-builder": "^1.2.0",
        "is-unsafe": "^1.0.1",
        "path-expression-matcher": "^1.5.0",
        "strnum": "^2.4.1",
        "xml-naming": "^0.1.0"
      },
      "bin": {
        "fxparser": "src/cli/cli.js"
      }
    },
    "node_modules/iceberg-js": {
      "version": "0.8.1",
      "resolved": "https://registry.npmjs.org/iceberg-js/-/iceberg-js-0.8.1.tgz",
      "integrity": "sha512-1dhVQZXhcHje7798IVM+xoo/1ZdVfzOMIc8/rgVSijRK38EDqOJoGula9N/8ZI5RD8QTxNQtK/Gozpr+qUqRRA==",
      "license": "MIT",
      "engines": {
        "node": ">=20.0.0"
      }
    },
    "node_modules/is-unsafe": {
      "version": "1.0.1",
      "resolved": "https://registry.npmjs.org/is-unsafe/-/is-unsafe-1.0.1.tgz",
      "integrity": "sha512-CLK2+VdgERgD96EYm5lUQssZYlRg2tkZnbsxZoacmSiRxiFJ4Nk4SzjCl+Ur+v3kXIY9dTIdb3IH22y1mZ56LA==",
      "funding": [
        {
          "type": "github",
          "url": "https://github.com/sponsors/NaturalIntelligence"
        }
      ],
      "license": "MIT"
    },
    "node_modules/path-expression-matcher": {
      "version": "1.6.1",
      "resolved": "https://registry.npmjs.org/path-expression-matcher/-/path-expression-matcher-1.6.1.tgz",
      "integrity": "sha512-h7bxdzhHk8Knyc4Tj+jMaa7fEEoUJy7p1qtbVgkYg1Uhpe5Np5VuGXCRZnkZvU+Q42M1vStt0ifa3ueykRJPmQ==",
      "funding": [
        {
          "type": "github",
          "url": "https://github.com/sponsors/NaturalIntelligence"
        }
      ],
      "license": "MIT",
      "engines": {
        "node": ">=14.0.0"
      }
    },
    "node_modules/redsys-easy": {
      "version": "5.3.2",
      "resolved": "https://registry.npmjs.org/redsys-easy/-/redsys-easy-5.3.2.tgz",
      "integrity": "sha512-7b5g0SEHKiJ06eVOZBn+yy1tKyrtWihjC1J1Y2wi2Xn7lSuHM7oVbROF+v+4zElulEsbu05ffR++vjp/D/N+Iw==",
      "license": "MIT",
      "dependencies": {
        "base64url": "^3.0.1",
        "dayjs": "^1.11.9",
        "decimal.js": "^10.4.3",
        "fast-xml-parser": "^5.0.6",
        "tslib": "^2.6.1",
        "undici": "^7.0.0"
      }
    },
    "node_modules/strnum": {
      "version": "2.4.1",
      "resolved": "https://registry.npmjs.org/strnum/-/strnum-2.4.1.tgz",
      "integrity": "sha512-M9eUSMT2dCB2cTNPG7UYj6KuK7RJR2SN2+yCV/fTW3xzTCS6EaGZ5pSMgDIjB7r8zSfTGk+dvvn9rTjpVS9Mwg==",
      "funding": [
        {
          "type": "github",
          "url": "https://github.com/sponsors/NaturalIntelligence"
        }
      ],
      "license": "MIT",
      "dependencies": {
        "anynum": "^1.0.1"
      }
    },
    "node_modules/tslib": {
      "version": "2.8.1",
      "resolved": "https://registry.npmjs.org/tslib/-/tslib-2.8.1.tgz",
      "integrity": "sha512-oJFu94HQb+KVduSUQL7wnpmqnfmLsOA/nAh6b6EH0wCEoK0/mPeXU6c3wKDV83MkOuHPRHtSXKKU99IBazS/2w==",
      "license": "0BSD"
    },
    "node_modules/undici": {
      "version": "7.28.0",
      "resolved": "https://registry.npmjs.org/undici/-/undici-7.28.0.tgz",
      "integrity": "sha512-cRZYrTDwWznlnRiPjggAGxZXanty6M8RV1ff8Wm4LWXBp7/IG8v5DnOm74DtUBp9OONpK75YlPnIjQqX0dBDtA==",
      "license": "MIT",
      "engines": {
        "node": ">=20.18.1"
      }
    },
    "node_modules/xml-naming": {
      "version": "0.1.0",
      "resolved": "https://registry.npmjs.org/xml-naming/-/xml-naming-0.1.0.tgz",
      "integrity": "sha512-k8KO9hrMyNk6tUWqUfkTEZbezRRpONVOzUTnc97VnCvyj6Tf9lyUR9EDAIeiVLv56jsMcoXEwjW8Kv5yPY52lw==",
      "funding": [
        {
          "type": "github",
          "url": "https://github.com/sponsors/NaturalIntelligence"
        }
      ],
      "license": "MIT",
      "engines": {
        "node": ">=16.0.0"
      }
    }
  }
}
